
Microsoft Visual Studio Solution File, Format Version 12.00
# Visual Studio Version 17
VisualStudioVersion = 17.8.34408.163
MinimumVisualStudioVersion = 10.0.40219.1
Project("{FAE04EC0-301F-11D3-BF4B-00C04F79EFBC}") = "SampleApplication", "SampleApplication.csproj", "{2F519F53-A675-4223-A78C-48F098364836}"
EndProject
Global
	GlobalSection(SolutionConfigurationPlatforms) = preSolution
		Debug|Any CPU = Debug|Any CPU
		Release|Any CPU = Release|Any CPU
	EndGlobalSection
	GlobalSection(ProjectConfigurationPlatforms) = postSolution
		{2F519F53-A675-4223-A78C-48F098364836}.Debug|Any CPU.ActiveCfg = Debug|Any CPU
		{2F519F53-A675-4223-A78C-48F098364836}.Debug|Any CPU.Build.0 = Debug|Any CPU
		{2F519F53-A675-4223-A78C-48F098364836}.Release|Any CPU.ActiveCfg = Release|Any CPU
		{2F519F53-A675-4223-A78C-48F098364836}.Release|Any CPU.Build.0 = Release|Any CPU
	EndGlobalSection
	GlobalSection(SolutionProperties) = preSolution
		HideSolutionNode = FALSE
	EndGlobalSection
	GlobalSection(ExtensibilityGlobals) = postSolution
		SolutionGuid = {22A5EEFE-72B0-49F5-B7FC-BE0612A4A44B}
	EndGlobalSection
EndGlobal
